dependencies:
- name: pgvector
  repository: https://rh-ai-quickstart.github.io/ai-architecture-charts
  version: 0.5.5
- name: llama-stack
  repository: https://rh-ai-quickstart.github.io/ai-architecture-charts
  version: 0.8.6
- name: mcp-servers
  repository: https://rh-ai-quickstart.github.io/ai-architecture-charts
  version: 0.5.17
- name: kafka
  repository: file://charts/kafka
  version: 0.1.0
- name: minio
  repository: file://charts/minio
  version: 0.5.5
- name: milvus
  repository: file://charts/milvus
  version: 0.1.0
- name: autorag
  repository: file://charts/autorag
  version: 0.1.0
- name: lokistack
  repository: file://charts/lokistack
  version: 0.1.0
digest: sha256:3dc8cbb7c723af321c2915c889466ffda57be026c46a1a494848178d6b026976
generated: "2026-07-01T17:04:45.772638208+03:00"
